
Microsoft Visual Studio Solution File, Format Version 12.00
# Visual Studio Version 16
VisualStudioVersion = 16.0.33927.289
MinimumVisualStudioVersion = 10.0.40219.1
Project("{FAE04EC0-301F-11D3-BF4B-00C04F79EFBC}") = "Tyuiu.HodakovaNA.Sprint6.Task0.V21", "Tyuiu.HodakovaNA.Sprint6.Task0.V21\Tyuiu.HodakovaNA.Sprint6.Task0.V21.csproj", "{281B45CC-66BC-4E99-8A66-3E5E0D49E9E0}"
EndProject
Project("{2150E333-8FDC-42A3-9474-1A3956D46DE8}") = "Task0", "Task0", "{C5F42351-1F97-49AC-8C9B-CE73A0FDD887}"
EndProject
Project("{FAE04EC0-301F-11D3-BF4B-00C04F79EFBC}") = "Tyuiu.HodakovaNA.Sprint6.Task0.V21.Lib", "Tyuiu.HodakovaNA.Sprint6.Task0.V21.Lib\Tyuiu.HodakovaNA.Sprint6.Task0.V21.Lib.csproj", "{A342B3F9-2F42-4F89-B628-78913BCB9EDB}"
EndProject
Project("{FAE04EC0-301F-11D3-BF4B-00C04F79EFBC}") = "Tyuiu.HodakovaNA.Sprint6.Task0.V21.Test", "Tyuiu.HodakovaNA.Sprint6.Task0.V21.Test\Tyuiu.HodakovaNA.Sprint6.Task0.V21.Test.csproj", "{AABBA996-050D-4A2C-AC61-44ED247D6C70}"
EndProject
Project("{2150E333-8FDC-42A3-9474-1A3956D46DE8}") = "Task1", "Task1", "{670C53E7-F40A-4750-BB20-B9CD82A34592}"
EndProject
Project("{2150E333-8FDC-42A3-9474-1A3956D46DE8}") = "Task2", "Task2", "{783AB316-213F-4A24-862D-B7BD22E6ED77}"
EndProject
Project("{2150E333-8FDC-42A3-9474-1A3956D46DE8}") = "Task3", "Task3", "{FBE4121C-3025-4F7E-B67F-2573287D77D9}"
EndProject
Project("{FAE04EC0-301F-11D3-BF4B-00C04F79EFBC}") = "Tyuiu.HodakovaNA.Sprint6.Task1.V11", "Tyuiu.HodakovaNA.Sprint6.Task1.V11\Tyuiu.HodakovaNA.Sprint6.Task1.V11.csproj", "{88D9D4D8-62A1-4883-9B97-6A69736A95F8}"
EndProject
Project("{FAE04EC0-301F-11D3-BF4B-00C04F79EFBC}") = "Tyuiu.HodakovaNA.Sprint6.Task1.V11.Lib", "Tyuiu.HodakovaNA.Sprint6.Task1.V11.Lib\Tyuiu.HodakovaNA.Sprint6.Task1.V11.Lib.csproj", "{3E87873F-0D8D-464D-9756-8AD7163ABEE6}"
EndProject
Project("{FAE04EC0-301F-11D3-BF4B-00C04F79EFBC}") = "Tyuiu.HodakovaNA.Sprint6.Task1.V11.Test", "Tyuiu.HodakovaNA.Sprint6.Task1.V11.Test\Tyuiu.HodakovaNA.Sprint6.Task1.V11.Test.csproj", "{6D8621AF-42B0-43BD-B7DD-81E935D29095}"
EndProject
Project("{FAE04EC0-301F-11D3-BF4B-00C04F79EFBC}") = "Tyuiu.HodakovaNA.Sprint6.Task2.V14.Lib", "Tyuiu.HodakovaNA.Sprint6.Task2.V14.Lib\Tyuiu.HodakovaNA.Sprint6.Task2.V14.Lib.csproj", "{92E233EE-6C34-4D58-B433-D5D3D9AE99C0}"
EndProject
Project("{FAE04EC0-301F-11D3-BF4B-00C04F79EFBC}") = "Tyuiu.HodakovaNA.Sprint6.Task2.V14.Test", "Tyuiu.HodakovaNA.Sprint6.Task2.V14.Test\Tyuiu.HodakovaNA.Sprint6.Task2.V14.Test.csproj", "{EFD4698D-B9E7-4795-B6F5-54F341AB2C11}"
EndProject
Project("{FAE04EC0-301F-11D3-BF4B-00C04F79EFBC}") = "Tyuiu.HodakovaNA.Sprint6.Task2.V14", "Tyuiu.HodakovaNA.Sprint6.Task2.V14\Tyuiu.HodakovaNA.Sprint6.Task2.V14.csproj", "{35C970E0-7808-4FC5-B3A3-04F4AFF477F7}"
EndProject
Project("{FAE04EC0-301F-11D3-BF4B-00C04F79EFBC}") = "Tyuiu.HodakovaNA.Sprint6.Task3.V16", "Tyuiu.HodakovaNA.Sprint6.Task3.V16\Tyuiu.HodakovaNA.Sprint6.Task3.V16.csproj", "{1C44EED2-6037-42B2-8AC6-3B007868396D}"
EndProject
Project("{FAE04EC0-301F-11D3-BF4B-00C04F79EFBC}") = "Tyuiu.HodakovaNA.Sprint6.Task3.V16.Lib", "Tyuiu.HodakovaNA.Sprint6.Task3.V16.Lib\Tyuiu.HodakovaNA.Sprint6.Task3.V16.Lib.csproj", "{5C28DF0A-D9EC-4360-AF91-AE0C2ABA4361}"
EndProject
Project("{FAE04EC0-301F-11D3-BF4B-00C04F79EFBC}") = "Tyuiu.HodakovaNA.Sprint6.Task3.V16.Test", "Tyuiu.HodakovaNA.Sprint6.Task3.V16.Test\Tyuiu.HodakovaNA.Sprint6.Task3.V16.Test.csproj", "{0759E44C-4D1C-400A-8EE9-A16816B5A016}"
EndProject
Project("{2150E333-8FDC-42A3-9474-1A3956D46DE8}") = "Task4", "Task4", "{D15ED72A-835D-4E0D-95B5-27BC45CF3F77}"
EndProject
Project("{2150E333-8FDC-42A3-9474-1A3956D46DE8}") = "Task5", "Task5", "{AF337208-A444-4E5F-9787-8E1D7EB24A5D}"
EndProject
Project("{2150E333-8FDC-42A3-9474-1A3956D46DE8}") = "Task6", "Task6", "{D4CBFBCA-4482-4090-AFFF-D9A09D7D776B}"
EndProject
Project("{2150E333-8FDC-42A3-9474-1A3956D46DE8}") = "Task7", "Task7", "{7DFE9ACE-ACB6-4FE3-8ED1-A465C980C1AC}"
EndProject
Project("{FAE04EC0-301F-11D3-BF4B-00C04F79EFBC}") = "Tyuiu.HodakovaNA.Sprint6.Task4.V15", "Tyuiu.HodakovaNA.Sprint6.Task4.V15\Tyuiu.HodakovaNA.Sprint6.Task4.V15.csproj", "{0F6067C8-D57D-47A7-83A4-C8B0788179CD}"
EndProject
Project("{FAE04EC0-301F-11D3-BF4B-00C04F79EFBC}") = "Tyuiu.HodakovaNA.Sprint6.Task4.V15.Lib", "Tyuiu.HodakovaNA.Sprint6.Task4.V15.Lib\Tyuiu.HodakovaNA.Sprint6.Task4.V15.Lib.csproj", "{C827744C-77B3-49C3-9501-7C5CADD2277A}"
EndProject
Project("{FAE04EC0-301F-11D3-BF4B-00C04F79EFBC}") = "Tyuiu.HodakovaNA.Sprint6.Task4.V15.Test", "Tyuiu.HodakovaNA.Sprint6.Task4.V15.Test\Tyuiu.HodakovaNA.Sprint6.Task4.V15.Test.csproj", "{5D1F7EDF-7800-4B12-BD47-30C5052A799D}"
EndProject
Project("{FAE04EC0-301F-11D3-BF4B-00C04F79EFBC}") = "Tyuiu.HodakovaNA.Sprint6.Task5.V8", "Tyuiu.HodakovaNA.Sprint6.Task5.V8\Tyuiu.HodakovaNA.Sprint6.Task5.V8.csproj", "{AE3F615D-8BE1-4288-9457-6BED5C4EEC06}"
EndProject
Project("{FAE04EC0-301F-11D3-BF4B-00C04F79EFBC}") = "Tyuiu.HodakovaNA.Sprint6.Task5.V8.Lib", "Tyuiu.HodakovaNA.Sprint6.Task5.V8.Lib\Tyuiu.HodakovaNA.Sprint6.Task5.V8.Lib.csproj", "{BCC38AFC-388A-459A-8E7E-BFC531F474D7}"
EndProject
Project("{FAE04EC0-301F-11D3-BF4B-00C04F79EFBC}") = "Tyuiu.HodakovaNA.Sprint6.Task5.V8.Test", "Tyuiu.HodakovaNA.Sprint6.Task5.V8.Test\Tyuiu.HodakovaNA.Sprint6.Task5.V8.Test.csproj", "{6CE3B703-D08E-4BBA-A31F-A9A248FEAA14}"
EndProject
Project("{FAE04EC0-301F-11D3-BF4B-00C04F79EFBC}") = "Tyuiu.HodakovaNA.Sprint6.Task7.V21", "Tyuiu.HodakovaNA.Sprint6.Task7.V21\Tyuiu.HodakovaNA.Sprint6.Task7.V21.csproj", "{4818C70F-B75C-4952-9719-3291AAFBD56F}"
EndProject
Project("{FAE04EC0-301F-11D3-BF4B-00C04F79EFBC}") = "Tyuiu.HodakovaNA.Sprint6.Task7.V21.Lib", "Tyuiu.HodakovaNA.Sprint6.Task7.V21.Lib\Tyuiu.HodakovaNA.Sprint6.Task7.V21.Lib.csproj", "{E00B2970-9B4F-4413-B17F-840B64C6835C}"
EndProject
Project("{FAE04EC0-301F-11D3-BF4B-00C04F79EFBC}") = "Tyuiu.HodakovaNA.Sprint6.Task7.V21.Test", "Tyuiu.HodakovaNA.Sprint6.Task7.V21.Test\Tyuiu.HodakovaNA.Sprint6.Task7.V21.Test.csproj", "{76BD2F02-34CD-4A49-85C8-5BD9CF985358}"
EndProject
Project("{FAE04EC0-301F-11D3-BF4B-00C04F79EFBC}") = "Tyuiu.HodakovaNA.Sprint6.Task6.V7", "Tyuiu.HodakovaNA.Sprint6.Task6.V7\Tyuiu.HodakovaNA.Sprint6.Task6.V7.csproj", "{68D57CEC-68B6-4CD3-86A9-EC5B628AE9A0}"
EndProject
Project("{FAE04EC0-301F-11D3-BF4B-00C04F79EFBC}") = "Tyuiu.HodakovaNA.Sprint6.Task6.V7.Lib", "Tyuiu.HodakovaNA.Sprint6.Task6.V7.Lib\Tyuiu.HodakovaNA.Sprint6.Task6.V7.Lib.csproj", "{A88FE602-1ECB-4FA8-BAD9-4B6447352E32}"
EndProject
Project("{FAE04EC0-301F-11D3-BF4B-00C04F79EFBC}") = "Tyuiu.HodakovaNA.Sprint6.Task6.V7.Test", "Tyuiu.HodakovaNA.Sprint6.Task6.V7.Test\Tyuiu.HodakovaNA.Sprint6.Task6.V7.Test.csproj", "{9C0984F6-017A-4EB5-81A2-26B66707F5A5}"
EndProject
Global
	GlobalSection(SolutionConfigurationPlatforms) = preSolution
		Debug|Any CPU = Debug|Any CPU
		Release|Any CPU = Release|Any CPU
	EndGlobalSection
	GlobalSection(ProjectConfigurationPlatforms) = postSolution
		{281B45CC-66BC-4E99-8A66-3E5E0D49E9E0}.Debug|Any CPU.ActiveCfg = Debug|Any CPU
		{281B45CC-66BC-4E99-8A66-3E5E0D49E9E0}.Debug|Any CPU.Build.0 = Debug|Any CPU
		{281B45CC-66BC-4E99-8A66-3E5E0D49E9E0}.Release|Any CPU.ActiveCfg = Release|Any CPU
		{281B45CC-66BC-4E99-8A66-3E5E0D49E9E0}.Release|Any CPU.Build.0 = Release|Any CPU
		{A342B3F9-2F42-4F89-B628-78913BCB9EDB}.Debug|Any CPU.ActiveCfg = Debug|Any CPU
		{A342B3F9-2F42-4F89-B628-78913BCB9EDB}.Debug|Any CPU.Build.0 = Debug|Any CPU
		{A342B3F9-2F42-4F89-B628-78913BCB9EDB}.Release|Any CPU.ActiveCfg = Release|Any CPU
		{A342B3F9-2F42-4F89-B628-78913BCB9EDB}.Release|Any CPU.Build.0 = Release|Any CPU
		{AABBA996-050D-4A2C-AC61-44ED247D6C70}.Debug|Any CPU.ActiveCfg = Debug|Any CPU
		{AABBA996-050D-4A2C-AC61-44ED247D6C70}.Debug|Any CPU.Build.0 = Debug|Any CPU
		{AABBA996-050D-4A2C-AC61-44ED247D6C70}.Release|Any CPU.ActiveCfg = Release|Any CPU
		{AABBA996-050D-4A2C-AC61-44ED247D6C70}.Release|Any CPU.Build.0 = Release|Any CPU
		{88D9D4D8-62A1-4883-9B97-6A69736A95F8}.Debug|Any CPU.ActiveCfg = Debug|Any CPU
		{88D9D4D8-62A1-4883-9B97-6A69736A95F8}.Debug|Any CPU.Build.0 = Debug|Any CPU
		{88D9D4D8-62A1-4883-9B97-6A69736A95F8}.Release|Any CPU.ActiveCfg = Release|Any CPU
		{88D9D4D8-62A1-4883-9B97-6A69736A95F8}.Release|Any CPU.Build.0 = Release|Any CPU
		{3E87873F-0D8D-464D-9756-8AD7163ABEE6}.Debug|Any CPU.ActiveCfg = Debug|Any CPU
		{3E87873F-0D8D-464D-9756-8AD7163ABEE6}.Debug|Any CPU.Build.0 = Debug|Any CPU
		{3E87873F-0D8D-464D-9756-8AD7163ABEE6}.Release|Any CPU.ActiveCfg = Release|Any CPU
		{3E87873F-0D8D-464D-9756-8AD7163ABEE6}.Release|Any CPU.Build.0 = Release|Any CPU
		{6D8621AF-42B0-43BD-B7DD-81E935D29095}.Debug|Any CPU.ActiveCfg = Debug|Any CPU
		{6D8621AF-42B0-43BD-B7DD-81E935D29095}.Debug|Any CPU.Build.0 = Debug|Any CPU
		{6D8621AF-42B0-43BD-B7DD-81E935D29095}.Release|Any CPU.ActiveCfg = Release|Any CPU
		{6D8621AF-42B0-43BD-B7DD-81E935D29095}.Release|Any CPU.Build.0 = Release|Any CPU
		{92E233EE-6C34-4D58-B433-D5D3D9AE99C0}.Debug|Any CPU.ActiveCfg = Debug|Any CPU
		{92E233EE-6C34-4D58-B433-D5D3D9AE99C0}.Debug|Any CPU.Build.0 = Debug|Any CPU
		{92E233EE-6C34-4D58-B433-D5D3D9AE99C0}.Release|Any CPU.ActiveCfg = Release|Any CPU
		{92E233EE-6C34-4D58-B433-D5D3D9AE99C0}.Release|Any CPU.Build.0 = Release|Any CPU
		{EFD4698D-B9E7-4795-B6F5-54F341AB2C11}.Debug|Any CPU.ActiveCfg = Debug|Any CPU
		{EFD4698D-B9E7-4795-B6F5-54F341AB2C11}.Debug|Any CPU.Build.0 = Debug|Any CPU
		{EFD4698D-B9E7-4795-B6F5-54F341AB2C11}.Release|Any CPU.ActiveCfg = Release|Any CPU
		{EFD4698D-B9E7-4795-B6F5-54F341AB2C11}.Release|Any CPU.Build.0 = Release|Any CPU
		{35C970E0-7808-4FC5-B3A3-04F4AFF477F7}.Debug|Any CPU.ActiveCfg = Debug|Any CPU
		{35C970E0-7808-4FC5-B3A3-04F4AFF477F7}.Debug|Any CPU.Build.0 = Debug|Any CPU
		{35C970E0-7808-4FC5-B3A3-04F4AFF477F7}.Release|Any CPU.ActiveCfg = Release|Any CPU
		{35C970E0-7808-4FC5-B3A3-04F4AFF477F7}.Release|Any CPU.Build.0 = Release|Any CPU
		{1C44EED2-6037-42B2-8AC6-3B007868396D}.Debug|Any CPU.ActiveCfg = Debug|Any CPU
		{1C44EED2-6037-42B2-8AC6-3B007868396D}.Debug|Any CPU.Build.0 = Debug|Any CPU
		{1C44EED2-6037-42B2-8AC6-3B007868396D}.Release|Any CPU.ActiveCfg = Release|Any CPU
		{1C44EED2-6037-42B2-8AC6-3B007868396D}.Release|Any CPU.Build.0 = Release|Any CPU
		{5C28DF0A-D9EC-4360-AF91-AE0C2ABA4361}.Debug|Any CPU.ActiveCfg = Debug|Any CPU
		{5C28DF0A-D9EC-4360-AF91-AE0C2ABA4361}.Debug|Any CPU.Build.0 = Debug|Any CPU
		{5C28DF0A-D9EC-4360-AF91-AE0C2ABA4361}.Release|Any CPU.ActiveCfg = Release|Any CPU
		{5C28DF0A-D9EC-4360-AF91-AE0C2ABA4361}.Release|Any CPU.Build.0 = Release|Any CPU
		{0759E44C-4D1C-400A-8EE9-A16816B5A016}.Debug|Any CPU.ActiveCfg = Debug|Any CPU
		{0759E44C-4D1C-400A-8EE9-A16816B5A016}.Debug|Any CPU.Build.0 = Debug|Any CPU
		{0759E44C-4D1C-400A-8EE9-A16816B5A016}.Release|Any CPU.ActiveCfg = Release|Any CPU
		{0759E44C-4D1C-400A-8EE9-A16816B5A016}.Release|Any CPU.Build.0 = Release|Any CPU
		{0F6067C8-D57D-47A7-83A4-C8B0788179CD}.Debug|Any CPU.ActiveCfg = Debug|Any CPU
		{0F6067C8-D57D-47A7-83A4-C8B0788179CD}.Debug|Any CPU.Build.0 = Debug|Any CPU
		{0F6067C8-D57D-47A7-83A4-C8B0788179CD}.Release|Any CPU.ActiveCfg = Release|Any CPU
		{0F6067C8-D57D-47A7-83A4-C8B0788179CD}.Release|Any CPU.Build.0 = Release|Any CPU
		{C827744C-77B3-49C3-9501-7C5CADD2277A}.Debug|Any CPU.ActiveCfg = Debug|Any CPU
		{C827744C-77B3-49C3-9501-7C5CADD2277A}.Debug|Any CPU.Build.0 = Debug|Any CPU
		{C827744C-77B3-49C3-9501-7C5CADD2277A}.Release|Any CPU.ActiveCfg = Release|Any CPU
		{C827744C-77B3-49C3-9501-7C5CADD2277A}.Release|Any CPU.Build.0 = Release|Any CPU
		{5D1F7EDF-7800-4B12-BD47-30C5052A799D}.Debug|Any CPU.ActiveCfg = Debug|Any CPU
		{5D1F7EDF-7800-4B12-BD47-30C5052A799D}.Debug|Any CPU.Build.0 = Debug|Any CPU
		{5D1F7EDF-7800-4B12-BD47-30C5052A799D}.Release|Any CPU.ActiveCfg = Release|Any CPU
		{5D1F7EDF-7800-4B12-BD47-30C5052A799D}.Release|Any CPU.Build.0 = Release|Any CPU
		{AE3F615D-8BE1-4288-9457-6BED5C4EEC06}.Debug|Any CPU.ActiveCfg = Debug|Any CPU
		{AE3F615D-8BE1-4288-9457-6BED5C4EEC06}.Debug|Any CPU.Build.0 = Debug|Any CPU
		{AE3F615D-8BE1-4288-9457-6BED5C4EEC06}.Release|Any CPU.ActiveCfg = Release|Any CPU
		{AE3F615D-8BE1-4288-9457-6BED5C4EEC06}.Release|Any CPU.Build.0 = Release|Any CPU
		{BCC38AFC-388A-459A-8E7E-BFC531F474D7}.Debug|Any CPU.ActiveCfg = Debug|Any CPU
		{BCC38AFC-388A-459A-8E7E-BFC531F474D7}.Debug|Any CPU.Build.0 = Debug|Any CPU
		{BCC38AFC-388A-459A-8E7E-BFC531F474D7}.Release|Any CPU.ActiveCfg = Release|Any CPU
		{BCC38AFC-388A-459A-8E7E-BFC531F474D7}.Release|Any CPU.Build.0 = Release|Any CPU
		{6CE3B703-D08E-4BBA-A31F-A9A248FEAA14}.Debug|Any CPU.ActiveCfg = Debug|Any CPU
		{6CE3B703-D08E-4BBA-A31F-A9A248FEAA14}.Debug|Any CPU.Build.0 = Debug|Any CPU
		{6CE3B703-D08E-4BBA-A31F-A9A248FEAA14}.Release|Any CPU.ActiveCfg = Release|Any CPU
		{6CE3B703-D08E-4BBA-A31F-A9A248FEAA14}.Release|Any CPU.Build.0 = Release|Any CPU
		{4818C70F-B75C-4952-9719-3291AAFBD56F}.Debug|Any CPU.ActiveCfg = Debug|Any CPU
		{4818C70F-B75C-4952-9719-3291AAFBD56F}.Debug|Any CPU.Build.0 = Debug|Any CPU
		{4818C70F-B75C-4952-9719-3291AAFBD56F}.Release|Any CPU.ActiveCfg = Release|Any CPU
		{4818C70F-B75C-4952-9719-3291AAFBD56F}.Release|Any CPU.Build.0 = Release|Any CPU
		{E00B2970-9B4F-4413-B17F-840B64C6835C}.Debug|Any CPU.ActiveCfg = Debug|Any CPU
		{E00B2970-9B4F-4413-B17F-840B64C6835C}.Debug|Any CPU.Build.0 = Debug|Any CPU
		{E00B2970-9B4F-4413-B17F-840B64C6835C}.Release|Any CPU.ActiveCfg = Release|Any CPU
		{E00B2970-9B4F-4413-B17F-840B64C6835C}.Release|Any CPU.Build.0 = Release|Any CPU
		{76BD2F02-34CD-4A49-85C8-5BD9CF985358}.Debug|Any CPU.ActiveCfg = Debug|Any CPU
		{76BD2F02-34CD-4A49-85C8-5BD9CF985358}.Debug|Any CPU.Build.0 = Debug|Any CPU
		{76BD2F02-34CD-4A49-85C8-5BD9CF985358}.Release|Any CPU.ActiveCfg = Release|Any CPU
		{76BD2F02-34CD-4A49-85C8-5BD9CF985358}.Release|Any CPU.Build.0 = Release|Any CPU
		{68D57CEC-68B6-4CD3-86A9-EC5B628AE9A0}.Debug|Any CPU.ActiveCfg = Debug|Any CPU
		{68D57CEC-68B6-4CD3-86A9-EC5B628AE9A0}.Debug|Any CPU.Build.0 = Debug|Any CPU
		{68D57CEC-68B6-4CD3-86A9-EC5B628AE9A0}.Release|Any CPU.ActiveCfg = Release|Any CPU
		{68D57CEC-68B6-4CD3-86A9-EC5B628AE9A0}.Release|Any CPU.Build.0 = Release|Any CPU
		{A88FE602-1ECB-4FA8-BAD9-4B6447352E32}.Debug|Any CPU.ActiveCfg = Debug|Any CPU
		{A88FE602-1ECB-4FA8-BAD9-4B6447352E32}.Debug|Any CPU.Build.0 = Debug|Any CPU
		{A88FE602-1ECB-4FA8-BAD9-4B6447352E32}.Release|Any CPU.ActiveCfg = Release|Any CPU
		{A88FE602-1ECB-4FA8-BAD9-4B6447352E32}.Release|Any CPU.Build.0 = Release|Any CPU
		{9C0984F6-017A-4EB5-81A2-26B66707F5A5}.Debug|Any CPU.ActiveCfg = Debug|Any CPU
		{9C0984F6-017A-4EB5-81A2-26B66707F5A5}.Debug|Any CPU.Build.0 = Debug|Any CPU
		{9C0984F6-017A-4EB5-81A2-26B66707F5A5}.Release|Any CPU.ActiveCfg = Release|Any CPU
		{9C0984F6-017A-4EB5-81A2-26B66707F5A5}.Release|Any CPU.Build.0 = Release|Any CPU
	EndGlobalSection
	GlobalSection(SolutionProperties) = preSolution
		HideSolutionNode = FALSE
	EndGlobalSection
	GlobalSection(NestedProjects) = preSolution
		{281B45CC-66BC-4E99-8A66-3E5E0D49E9E0} = {C5F42351-1F97-49AC-8C9B-CE73A0FDD887}
		{A342B3F9-2F42-4F89-B628-78913BCB9EDB} = {C5F42351-1F97-49AC-8C9B-CE73A0FDD887}
		{AABBA996-050D-4A2C-AC61-44ED247D6C70} = {C5F42351-1F97-49AC-8C9B-CE73A0FDD887}
		{88D9D4D8-62A1-4883-9B97-6A69736A95F8} = {670C53E7-F40A-4750-BB20-B9CD82A34592}
		{3E87873F-0D8D-464D-9756-8AD7163ABEE6} = {670C53E7-F40A-4750-BB20-B9CD82A34592}
		{6D8621AF-42B0-43BD-B7DD-81E935D29095} = {670C53E7-F40A-4750-BB20-B9CD82A34592}
		{92E233EE-6C34-4D58-B433-D5D3D9AE99C0} = {783AB316-213F-4A24-862D-B7BD22E6ED77}
		{EFD4698D-B9E7-4795-B6F5-54F341AB2C11} = {783AB316-213F-4A24-862D-B7BD22E6ED77}
		{35C970E0-7808-4FC5-B3A3-04F4AFF477F7} = {783AB316-213F-4A24-862D-B7BD22E6ED77}
		{1C44EED2-6037-42B2-8AC6-3B007868396D} = {FBE4121C-3025-4F7E-B67F-2573287D77D9}
		{5C28DF0A-D9EC-4360-AF91-AE0C2ABA4361} = {FBE4121C-3025-4F7E-B67F-2573287D77D9}
		{0759E44C-4D1C-400A-8EE9-A16816B5A016} = {FBE4121C-3025-4F7E-B67F-2573287D77D9}
		{0F6067C8-D57D-47A7-83A4-C8B0788179CD} = {D15ED72A-835D-4E0D-95B5-27BC45CF3F77}
		{C827744C-77B3-49C3-9501-7C5CADD2277A} = {D15ED72A-835D-4E0D-95B5-27BC45CF3F77}
		{5D1F7EDF-7800-4B12-BD47-30C5052A799D} = {D15ED72A-835D-4E0D-95B5-27BC45CF3F77}
		{AE3F615D-8BE1-4288-9457-6BED5C4EEC06} = {AF337208-A444-4E5F-9787-8E1D7EB24A5D}
		{BCC38AFC-388A-459A-8E7E-BFC531F474D7} = {AF337208-A444-4E5F-9787-8E1D7EB24A5D}
		{6CE3B703-D08E-4BBA-A31F-A9A248FEAA14} = {AF337208-A444-4E5F-9787-8E1D7EB24A5D}
		{4818C70F-B75C-4952-9719-3291AAFBD56F} = {7DFE9ACE-ACB6-4FE3-8ED1-A465C980C1AC}
		{E00B2970-9B4F-4413-B17F-840B64C6835C} = {7DFE9ACE-ACB6-4FE3-8ED1-A465C980C1AC}
		{76BD2F02-34CD-4A49-85C8-5BD9CF985358} = {7DFE9ACE-ACB6-4FE3-8ED1-A465C980C1AC}
		{68D57CEC-68B6-4CD3-86A9-EC5B628AE9A0} = {D4CBFBCA-4482-4090-AFFF-D9A09D7D776B}
		{A88FE602-1ECB-4FA8-BAD9-4B6447352E32} = {D4CBFBCA-4482-4090-AFFF-D9A09D7D776B}
		{9C0984F6-017A-4EB5-81A2-26B66707F5A5} = {D4CBFBCA-4482-4090-AFFF-D9A09D7D776B}
	EndGlobalSection
	GlobalSection(ExtensibilityGlobals) = postSolution
		SolutionGuid = {F3A5C1FF-80F1-4091-B57B-99C0973CE96A}
	EndGlobalSection
EndGlobal
